# THIS IS AN AUTOGENERATED FILE. DO NOT EDIT THIS FILE DIRECTLY.
# yarn lockfile v1


"@babel/runtime@^7.13.10":
  version "7.19.0"
  resolved "https://registry.npmjs.org/@babel/runtime/-/runtime-7.19.0.tgz"
  integrity sha512-eR8Lo9hnDS7tqkO7NsV+mKvCmv5boaXFSZ70DnfhcgiEne8hv9oCEd36Klw74EtizEqLsy4YnW8UWwpBVolHZA==
  dependencies:
    regenerator-runtime "^0.13.4"

"@floating-ui/core@^0.7.3":
  version "0.7.3"
  resolved "https://registry.npmjs.org/@floating-ui/core/-/core-0.7.3.tgz"
  integrity sha512-buc8BXHmG9l82+OQXOFU3Kr2XQx9ys01U/Q9HMIrZ300iLc8HLMgh7dcCqgYzAzf4BkoQvDcXf5Y+CuEZ5JBYg==

"@floating-ui/dom@^0.5.3":
  version "0.5.4"
  resolved "https://registry.npmjs.org/@floating-ui/dom/-/dom-0.5.4.tgz"
  integrity sha512-419BMceRLq0RrmTSDxn8hf9R3VCJv2K9PUfugh5JyEFmdjzDo+e8U5EdR8nzKq8Yj1htzLm3b6eQEEam3/rrtg==
  dependencies:
    "@floating-ui/core" "^0.7.3"

"@floating-ui/react-dom@0.7.2":
  version "0.7.2"
  resolved "https://registry.npmjs.org/@floating-ui/react-dom/-/react-dom-0.7.2.tgz"
  integrity sha512-1T0sJcpHgX/u4I1OzIEhlcrvkUN8ln39nz7fMoE/2HDHrPiMFoOGR7++GYyfUmIQHkkrTinaeQsO3XWubjSvGg==
  dependencies:
    "@floating-ui/dom" "^0.5.3"
    use-isomorphic-layout-effect "^1.1.1"

"@next/env@12.3.1":
  version "12.3.1"
  resolved "https://registry.npmjs.org/@next/env/-/env-12.3.1.tgz"
  integrity sha512-9P9THmRFVKGKt9DYqeC2aKIxm8rlvkK38V1P1sRE7qyoPBIs8l9oo79QoSdPtOWfzkbDAVUqvbQGgTMsb8BtJg==

"@next/swc-android-arm-eabi@12.3.1":
  version "12.3.1"
  resolved "https://registry.yarnpkg.com/@next/swc-android-arm-eabi/-/swc-android-arm-eabi-12.3.1.tgz#b15ce8ad376102a3b8c0f3c017dde050a22bb1a3"
  integrity sha512-i+BvKA8tB//srVPPQxIQN5lvfROcfv4OB23/L1nXznP+N/TyKL8lql3l7oo2LNhnH66zWhfoemg3Q4VJZSruzQ==

"@next/swc-android-arm64@12.3.1":
  version "12.3.1"
  resolved "https://registry.yarnpkg.com/@next/swc-android-arm64/-/swc-android-arm64-12.3.1.tgz#85d205f568a790a137cb3c3f720d961a2436ac9c"
  integrity sha512-CmgU2ZNyBP0rkugOOqLnjl3+eRpXBzB/I2sjwcGZ7/Z6RcUJXK5Evz+N0ucOxqE4cZ3gkTeXtSzRrMK2mGYV8Q==

"@next/swc-darwin-arm64@12.3.1":
  version "12.3.1"
  resolved "https://registry.npmjs.org/@next/swc-darwin-arm64/-/swc-darwin-arm64-12.3.1.tgz"
  integrity sha512-hT/EBGNcu0ITiuWDYU9ur57Oa4LybD5DOQp4f22T6zLfpoBMfBibPtR8XktXmOyFHrL/6FC2p9ojdLZhWhvBHg==

"@next/swc-darwin-x64@12.3.1":
  version "12.3.1"
  resolved "https://registry.yarnpkg.com/@next/swc-darwin-x64/-/swc-darwin-x64-12.3.1.tgz#6947b39082271378896b095b6696a7791c6e32b1"
  integrity sha512-9S6EVueCVCyGf2vuiLiGEHZCJcPAxglyckTZcEwLdJwozLqN0gtS0Eq0bQlGS3dH49Py/rQYpZ3KVWZ9BUf/WA==

"@next/swc-freebsd-x64@12.3.1":
  version "12.3.1"
  resolved "https://registry.yarnpkg.com/@next/swc-freebsd-x64/-/swc-freebsd-x64-12.3.1.tgz#2b6c36a4d84aae8b0ea0e0da9bafc696ae27085a"
  integrity sha512-qcuUQkaBZWqzM0F1N4AkAh88lLzzpfE6ImOcI1P6YeyJSsBmpBIV8o70zV+Wxpc26yV9vpzb+e5gCyxNjKJg5Q==

"@next/swc-linux-arm-gnueabihf@12.3.1":
  version "12.3.1"
  resolved "https://registry.yarnpkg.com/@next/swc-linux-arm-gnueabihf/-/swc-linux-arm-gnueabihf-12.3.1.tgz#6e421c44285cfedac1f4631d5de330dd60b86298"
  integrity sha512-diL9MSYrEI5nY2wc/h/DBewEDUzr/DqBjIgHJ3RUNtETAOB3spMNHvJk2XKUDjnQuluLmFMloet9tpEqU2TT9w==

"@next/swc-linux-arm64-gnu@12.3.1":
  version "12.3.1"
  resolved "https://registry.yarnpkg.com/@next/swc-linux-arm64-gnu/-/swc-linux-arm64-gnu-12.3.1.tgz#8863f08a81f422f910af126159d2cbb9552ef717"
  integrity sha512-o/xB2nztoaC7jnXU3Q36vGgOolJpsGG8ETNjxM1VAPxRwM7FyGCPHOMk1XavG88QZSQf+1r+POBW0tLxQOJ9DQ==

"@next/swc-linux-arm64-musl@12.3.1":
  version "12.3.1"
  resolved "https://registry.yarnpkg.com/@next/swc-linux-arm64-musl/-/swc-linux-arm64-musl-12.3.1.tgz#0038f07cf0b259d70ae0c80890d826dfc775d9f3"
  integrity sha512-2WEasRxJzgAmP43glFNhADpe8zB7kJofhEAVNbDJZANp+H4+wq+/cW1CdDi8DqjkShPEA6/ejJw+xnEyDID2jg==

"@next/swc-linux-x64-gnu@12.3.1":
  version "12.3.1"
  resolved "https://registry.yarnpkg.com/@next/swc-linux-x64-gnu/-/swc-linux-x64-gnu-12.3.1.tgz#c66468f5e8181ffb096c537f0dbfb589baa6a9c1"
  integrity sha512-JWEaMyvNrXuM3dyy9Pp5cFPuSSvG82+yABqsWugjWlvfmnlnx9HOQZY23bFq3cNghy5V/t0iPb6cffzRWylgsA==

"@next/swc-linux-x64-musl@12.3.1":
  version "12.3.1"
  resolved "https://registry.yarnpkg.com/@next/swc-linux-x64-musl/-/swc-linux-x64-musl-12.3.1.tgz#c6269f3e96ac0395bc722ad97ce410ea5101d305"
  integrity sha512-xoEWQQ71waWc4BZcOjmatuvPUXKTv6MbIFzpm4LFeCHsg2iwai0ILmNXf81rJR+L1Wb9ifEke2sQpZSPNz1Iyg==

"@next/swc-win32-arm64-msvc@12.3.1":
  version "12.3.1"
  resolved "https://registry.yarnpkg.com/@next/swc-win32-arm64-msvc/-/swc-win32-arm64-msvc-12.3.1.tgz#83c639ee969cee36ce247c3abd1d9df97b5ecade"
  integrity sha512-hswVFYQYIeGHE2JYaBVtvqmBQ1CppplQbZJS/JgrVI3x2CurNhEkmds/yqvDONfwfbttTtH4+q9Dzf/WVl3Opw==

"@next/swc-win32-ia32-msvc@12.3.1":
  version "12.3.1"
  resolved "https://registry.yarnpkg.com/@next/swc-win32-ia32-msvc/-/swc-win32-ia32-msvc-12.3.1.tgz#52995748b92aa8ad053440301bc2c0d9fbcf27c2"
  integrity sha512-Kny5JBehkTbKPmqulr5i+iKntO5YMP+bVM8Hf8UAmjSMVo3wehyLVc9IZkNmcbxi+vwETnQvJaT5ynYBkJ9dWA==

"@next/swc-win32-x64-msvc@12.3.1":
  version "12.3.1"
  resolved "https://registry.yarnpkg.com/@next/swc-win32-x64-msvc/-/swc-win32-x64-msvc-12.3.1.tgz#27d71a95247a9eaee03d47adee7e3bd594514136"
  integrity sha512-W1ijvzzg+kPEX6LAc+50EYYSEo0FVu7dmTE+t+DM4iOLqgGHoW9uYSz9wCVdkXOEEMP9xhXfGpcSxsfDucyPkA==

"@radix-ui/primitive@1.0.0":
  version "1.0.0"
  resolved "https://registry.npmjs.org/@radix-ui/primitive/-/primitive-1.0.0.tgz"
  integrity sha512-3e7rn8FDMin4CgeL7Z/49smCA3rFYY3Ha2rUQ7HRWFadS5iCRw08ZgVT1LaNTCNqgvrUiyczLflrVrF0SRQtNA==
  dependencies:
    "@babel/runtime" "^7.13.10"

"@radix-ui/react-arrow@1.0.0":
  version "1.0.0"
  resolved "https://registry.npmjs.org/@radix-ui/react-arrow/-/react-arrow-1.0.0.tgz"
  integrity sha512-1MUuv24HCdepi41+qfv125EwMuxgQ+U+h0A9K3BjCO/J8nVRREKHHpkD9clwfnjEDk9hgGzCnff4aUKCPiRepw==
  dependencies:
    "@babel/runtime" "^7.13.10"
    "@radix-ui/react-primitive" "1.0.0"

"@radix-ui/react-compose-refs@1.0.0":
  version "1.0.0"
  resolved "https://registry.npmjs.org/@radix-ui/react-compose-refs/-/react-compose-refs-1.0.0.tgz"
  integrity sha512-0KaSv6sx787/hK3eF53iOkiSLwAGlFMx5lotrqD2pTjB18KbybKoEIgkNZTKC60YECDQTKGTRcDBILwZVqVKvA==
  dependencies:
    "@babel/runtime" "^7.13.10"

"@radix-ui/react-context@1.0.0":
  version "1.0.0"
  resolved "https://registry.npmjs.org/@radix-ui/react-context/-/react-context-1.0.0.tgz"
  integrity sha512-1pVM9RfOQ+n/N5PJK33kRSKsr1glNxomxONs5c49MliinBY6Yw2Q995qfBUUo0/Mbg05B/sGA0gkgPI7kmSHBg==
  dependencies:
    "@babel/runtime" "^7.13.10"

"@radix-ui/react-dismissable-layer@1.0.0":
  version "1.0.0"
  resolved "https://registry.npmjs.org/@radix-ui/react-dismissable-layer/-/react-dismissable-layer-1.0.0.tgz"
  integrity sha512-n7kDRfx+LB1zLueRDvZ1Pd0bxdJWDUZNQ/GWoxDn2prnuJKRdxsjulejX/ePkOsLi2tTm6P24mDqlMSgQpsT6g==
  dependencies:
    "@babel/runtime" "^7.13.10"
    "@radix-ui/primitive" "1.0.0"
    "@radix-ui/react-compose-refs" "1.0.0"
    "@radix-ui/react-primitive" "1.0.0"
    "@radix-ui/react-use-callback-ref" "1.0.0"
    "@radix-ui/react-use-escape-keydown" "1.0.0"

"@radix-ui/react-focus-guards@1.0.0":
  version "1.0.0"
  resolved "https://registry.npmjs.org/@radix-ui/react-focus-guards/-/react-focus-guards-1.0.0.tgz"
  integrity sha512-UagjDk4ijOAnGu4WMUPj9ahi7/zJJqNZ9ZAiGPp7waUWJO0O1aWXi/udPphI0IUjvrhBsZJGSN66dR2dsueLWQ==
  dependencies:
    "@babel/runtime" "^7.13.10"

"@radix-ui/react-focus-scope@1.0.0":
  version "1.0.0"
  resolved "https://registry.npmjs.org/@radix-ui/react-focus-scope/-/react-focus-scope-1.0.0.tgz"
  integrity sha512-C4SWtsULLGf/2L4oGeIHlvWQx7Rf+7cX/vKOAD2dXW0A1b5QXwi3wWeaEgW+wn+SEVrraMUk05vLU9fZZz5HbQ==
  dependencies:
    "@babel/runtime" "^7.13.10"
    "@radix-ui/react-compose-refs" "1.0.0"
    "@radix-ui/react-primitive" "1.0.0"
    "@radix-ui/react-use-callback-ref" "1.0.0"

"@radix-ui/react-id@1.0.0":
  version "1.0.0"
  resolved "https://registry.npmjs.org/@radix-ui/react-id/-/react-id-1.0.0.tgz"
  integrity sha512-Q6iAB/U7Tq3NTolBBQbHTgclPmGWE3OlktGGqrClPozSw4vkQ1DfQAOtzgRPecKsMdJINE05iaoDUG8tRzCBjw==
  dependencies:
    "@babel/runtime" "^7.13.10"
    "@radix-ui/react-use-layout-effect" "1.0.0"

"@radix-ui/react-popover@1.0.0":
  version "1.0.0"
  resolved "https://registry.npmjs.org/@radix-ui/react-popover/-/react-popover-1.0.0.tgz"
  integrity sha512-osxFFO0TiZ9ABpEOitZu0R1Fdd+tSpJgAqLZxRLLdZQ7ya0onSODcITp5hXDVuYQeVXH6pKEBGwXN6ZGjZ0a5g==
  dependencies:
    "@babel/runtime" "^7.13.10"
    "@radix-ui/primitive" "1.0.0"
    "@radix-ui/react-compose-refs" "1.0.0"
    "@radix-ui/react-context" "1.0.0"
    "@radix-ui/react-dismissable-layer" "1.0.0"
    "@radix-ui/react-focus-guards" "1.0.0"
    "@radix-ui/react-focus-scope" "1.0.0"
    "@radix-ui/react-id" "1.0.0"
    "@radix-ui/react-popper" "1.0.0"
    "@radix-ui/react-portal" "1.0.0"
    "@radix-ui/react-presence" "1.0.0"
    "@radix-ui/react-primitive" "1.0.0"
    "@radix-ui/react-slot" "1.0.0"
    "@radix-ui/react-use-controllable-state" "1.0.0"
    aria-hidden "^1.1.1"
    react-remove-scroll "2.5.4"

"@radix-ui/react-popper@1.0.0":
  version "1.0.0"
  resolved "https://registry.npmjs.org/@radix-ui/react-popper/-/react-popper-1.0.0.tgz"
  integrity sha512-k2dDd+1Wl0XWAMs9ZvAxxYsB9sOsEhrFQV4CINd7IUZf0wfdye4OHen9siwxvZImbzhgVeKTJi68OQmPRvVdMg==
  dependencies:
    "@babel/runtime" "^7.13.10"
    "@floating-ui/react-dom" "0.7.2"
    "@radix-ui/react-arrow" "1.0.0"
    "@radix-ui/react-compose-refs" "1.0.0"
    "@radix-ui/react-context" "1.0.0"
    "@radix-ui/react-primitive" "1.0.0"
    "@radix-ui/react-use-layout-effect" "1.0.0"
    "@radix-ui/react-use-rect" "1.0.0"
    "@radix-ui/react-use-size" "1.0.0"
    "@radix-ui/rect" "1.0.0"

"@radix-ui/react-portal@1.0.0":
  version "1.0.0"
  resolved "https://registry.npmjs.org/@radix-ui/react-portal/-/react-portal-1.0.0.tgz"
  integrity sha512-a8qyFO/Xb99d8wQdu4o7qnigNjTPG123uADNecz0eX4usnQEj7o+cG4ZX4zkqq98NYekT7UoEQIjxBNWIFuqTA==
  dependencies:
    "@babel/runtime" "^7.13.10"
    "@radix-ui/react-primitive" "1.0.0"

"@radix-ui/react-presence@1.0.0":
  version "1.0.0"
  resolved "https://registry.npmjs.org/@radix-ui/react-presence/-/react-presence-1.0.0.tgz"
  integrity sha512-A+6XEvN01NfVWiKu38ybawfHsBjWum42MRPnEuqPsBZ4eV7e/7K321B5VgYMPv3Xx5An6o1/l9ZuDBgmcmWK3w==
  dependencies:
    "@babel/runtime" "^7.13.10"
    "@radix-ui/react-compose-refs" "1.0.0"
    "@radix-ui/react-use-layout-effect" "1.0.0"

"@radix-ui/react-primitive@1.0.0":
  version "1.0.0"
  resolved "https://registry.npmjs.org/@radix-ui/react-primitive/-/react-primitive-1.0.0.tgz"
  integrity sha512-EyXe6mnRlHZ8b6f4ilTDrXmkLShICIuOTTj0GX4w1rp+wSxf3+TD05u1UOITC8VsJ2a9nwHvdXtOXEOl0Cw/zQ==
  dependencies:
    "@babel/runtime" "^7.13.10"
    "@radix-ui/react-slot" "1.0.0"

"@radix-ui/react-slot@1.0.0":
  version "1.0.0"
  resolved "https://registry.npmjs.org/@radix-ui/react-slot/-/react-slot-1.0.0.tgz"
  integrity sha512-3mrKauI/tWXo1Ll+gN5dHcxDPdm/Df1ufcDLCecn+pnCIVcdWE7CujXo8QaXOWRJyZyQWWbpB8eFwHzWXlv5mQ==
  dependencies:
    "@babel/runtime" "^7.13.10"
    "@radix-ui/react-compose-refs" "1.0.0"

"@radix-ui/react-use-callback-ref@1.0.0":
  version "1.0.0"
  resolved "https://registry.npmjs.org/@radix-ui/react-use-callback-ref/-/react-use-callback-ref-1.0.0.tgz"
  integrity sha512-GZtyzoHz95Rhs6S63D2t/eqvdFCm7I+yHMLVQheKM7nBD8mbZIt+ct1jz4536MDnaOGKIxynJ8eHTkVGVVkoTg==
  dependencies:
    "@babel/runtime" "^7.13.10"

"@radix-ui/react-use-controllable-state@1.0.0":
  version "1.0.0"
  resolved "https://registry.npmjs.org/@radix-ui/react-use-controllable-state/-/react-use-controllable-state-1.0.0.tgz"
  integrity sha512-FohDoZvk3mEXh9AWAVyRTYR4Sq7/gavuofglmiXB2g1aKyboUD4YtgWxKj8O5n+Uak52gXQ4wKz5IFST4vtJHg==
  dependencies:
    "@babel/runtime" "^7.13.10"
    "@radix-ui/react-use-callback-ref" "1.0.0"

"@radix-ui/react-use-escape-keydown@1.0.0":
  version "1.0.0"
  resolved "https://registry.npmjs.org/@radix-ui/react-use-escape-keydown/-/react-use-escape-keydown-1.0.0.tgz"
  integrity sha512-JwfBCUIfhXRxKExgIqGa4CQsiMemo1Xt0W/B4ei3fpzpvPENKpMKQ8mZSB6Acj3ebrAEgi2xiQvcI1PAAodvyg==
  dependencies:
    "@babel/runtime" "^7.13.10"
    "@radix-ui/react-use-callback-ref" "1.0.0"

"@radix-ui/react-use-layout-effect@1.0.0":
  version "1.0.0"
  resolved "https://registry.npmjs.org/@radix-ui/react-use-layout-effect/-/react-use-layout-effect-1.0.0.tgz"
  integrity sha512-6Tpkq+R6LOlmQb1R5NNETLG0B4YP0wc+klfXafpUCj6JGyaUc8il7/kUZ7m59rGbXGczE9Bs+iz2qloqsZBduQ==
  dependencies:
    "@babel/runtime" "^7.13.10"

"@radix-ui/react-use-rect@1.0.0":
  version "1.0.0"
  resolved "https://registry.npmjs.org/@radix-ui/react-use-rect/-/react-use-rect-1.0.0.tgz"
  integrity sha512-TB7pID8NRMEHxb/qQJpvSt3hQU4sqNPM1VCTjTRjEOa7cEop/QMuq8S6fb/5Tsz64kqSvB9WnwsDHtjnrM9qew==
  dependencies:
    "@babel/runtime" "^7.13.10"
    "@radix-ui/rect" "1.0.0"

"@radix-ui/react-use-size@1.0.0":
  version "1.0.0"
  resolved "https://registry.npmjs.org/@radix-ui/react-use-size/-/react-use-size-1.0.0.tgz"
  integrity sha512-imZ3aYcoYCKhhgNpkNDh/aTiU05qw9hX+HHI1QDBTyIlcFjgeFlKKySNGMwTp7nYFLQg/j0VA2FmCY4WPDDHMg==
  dependencies:
    "@babel/runtime" "^7.13.10"
    "@radix-ui/react-use-layout-effect" "1.0.0"

"@radix-ui/rect@1.0.0":
  version "1.0.0"
  resolved "https://registry.npmjs.org/@radix-ui/rect/-/rect-1.0.0.tgz"
  integrity sha512-d0O68AYy/9oeEy1DdC07bz1/ZXX+DqCskRd3i4JzLSTXwefzaepQrKjXC7aNM8lTHjFLDO0pDgaEiQ7jEk+HVg==
  dependencies:
    "@babel/runtime" "^7.13.10"

"@stitches/react@^1.2.8":
  version "1.2.8"
  resolved "https://registry.npmjs.org/@stitches/react/-/react-1.2.8.tgz"
  integrity sha512-9g9dWI4gsSVe8bNLlb+lMkBYsnIKCZTmvqvDG+Avnn69XfmHZKiaMrx7cgTaddq7aTPPmXiTsbFcUy0xgI4+wA==

"@swc/helpers@0.4.11":
  version "0.4.11"
  resolved "https://registry.npmjs.org/@swc/helpers/-/helpers-0.4.11.tgz"
  integrity sha512-rEUrBSGIoSFuYxwBYtlUFMlE2CwGhmW+w9355/5oduSw8e5h2+Tj4UrAGNNgP9915++wj5vkQo0UuOBqOAq4nw==
  dependencies:
    tslib "^2.4.0"

"@types/node@^18.0.0":
  version "18.8.1"
  resolved "https://registry.npmjs.org/@types/node/-/node-18.8.1.tgz"
  integrity sha512-vuYaNuEIbOYLTLUAJh50ezEbvxrD43iby+lpUA2aa148Nh5kX/AVO/9m1Ahmbux2iU5uxJTNF9g2Y+31uml7RQ==

"@types/prop-types@*":
  version "15.7.5"
  resolved "https://registry.npmjs.org/@types/prop-types/-/prop-types-15.7.5.tgz"
  integrity sha512-JCB8C6SnDoQf0cNycqd/35A7MjcnK+ZTqE7judS6o7utxUCg6imJg3QK2qzHKszlTjcj2cn+NwMB2i96ubpj7w==

"@types/react@^18.0.14":
  version "18.0.21"
  resolved "https://registry.npmjs.org/@types/react/-/react-18.0.21.tgz"
  integrity sha512-7QUCOxvFgnD5Jk8ZKlUAhVcRj7GuJRjnjjiY/IUBWKgOlnvDvTMLD4RTF7NPyVmbRhNrbomZiOepg7M/2Kj1mA==
  dependencies:
    "@types/prop-types" "*"
    "@types/scheduler" "*"
    csstype "^3.0.2"

"@types/scheduler@*":
  version "0.16.2"
  resolved "https://registry.npmjs.org/@types/scheduler/-/scheduler-0.16.2.tgz"
  integrity sha512-hppQEBDmlwhFAXKJX2KnWLYu5yMfi91yazPb2l+lbJiwW+wdo1gNeRA+3RgNSO39WYX2euey41KEwnqesU2Jew==

aria-hidden@^1.1.1:
  version "1.2.1"
  resolved "https://registry.npmjs.org/aria-hidden/-/aria-hidden-1.2.1.tgz"
  integrity sha512-PN344VAf9j1EAi+jyVHOJ8XidQdPVssGco39eNcsGdM4wcsILtxrKLkbuiMfLWYROK1FjRQasMWCBttrhjnr6A==
  dependencies:
    tslib "^2.0.0"

caniuse-lite@^1.0.30001406:
  version "1.0.30001415"
  resolved "https://registry.npmjs.org/caniuse-lite/-/caniuse-lite-1.0.30001415.tgz"
  integrity sha512-ER+PfgCJUe8BqunLGWd/1EY4g8AzQcsDAVzdtMGKVtQEmKAwaFfU6vb7EAVIqTMYsqxBorYZi2+22Iouj/y7GQ==

csstype@^3.0.2:
  version "3.1.1"
  resolved "https://registry.npmjs.org/csstype/-/csstype-3.1.1.tgz"
  integrity sha512-DJR/VvkAvSZW9bTouZue2sSxDwdTN92uHjqeKVm+0dAqdfNykRzQ95tay8aXMBAAPpUiq4Qcug2L7neoRh2Egw==

detect-node-es@^1.1.0:
  version "1.1.0"
  resolved "https://registry.npmjs.org/detect-node-es/-/detect-node-es-1.1.0.tgz"
  integrity sha512-ypdmJU/TbBby2Dxibuv7ZLW3Bs1QEmM7nHjEANfohJLvE0XVujisn1qPJcZxg+qDucsr+bP6fLD1rPS3AhJ7EQ==

get-nonce@^1.0.0:
  version "1.0.1"
  resolved "https://registry.npmjs.org/get-nonce/-/get-nonce-1.0.1.tgz"
  integrity sha512-FJhYRoDaiatfEkUK8HKlicmu/3SGFD51q3itKDGoSTysQJBnfOcxU5GxnhE1E6soB76MbT0MBtnKJuXyAx+96Q==

invariant@^2.2.4:
  version "2.2.4"
  resolved "https://registry.npmjs.org/invariant/-/invariant-2.2.4.tgz"
  integrity sha512-phJfQVBuaJM5raOpJjSfkiD6BpbCE4Ns//LaXl6wGYtUBY83nWS6Rf9tXm2e8VaK60JEjYldbPif/A2B1C2gNA==
  dependencies:
    loose-envify "^1.0.0"

"js-tokens@^3.0.0 || ^4.0.0":
  version "4.0.0"
  resolved "https://registry.npmjs.org/js-tokens/-/js-tokens-4.0.0.tgz"
  integrity sha512-RdJUflcE3cUzKiMqQgsCu06FPu9UdIJO0beYbPhHN4k6apgJtifcoCtT9bcxOpYBtpD2kCM6Sbzg4CausW/PKQ==

loose-envify@^1.0.0, loose-envify@^1.1.0:
  version "1.4.0"
  resolved "https://registry.npmjs.org/loose-envify/-/loose-envify-1.4.0.tgz"
  integrity sha512-lyuxPGr/Wfhrlem2CL/UcnUc1zcqKAImBDzukY7Y5F/yQiNdko6+fRLevlw1HgMySw7f611UIY408EtxRSoK3Q==
  dependencies:
    js-tokens "^3.0.0 || ^4.0.0"

nanoid@^3.3.4:
  version "3.3.4"
  resolved "https://registry.npmjs.org/nanoid/-/nanoid-3.3.4.tgz"
  integrity sha512-MqBkQh/OHTS2egovRtLk45wEyNXwF+cokD+1YPf9u5VfJiRdAiRwB2froX5Co9Rh20xs4siNPm8naNotSD6RBw==

next-themes@^0.2.1:
  version "0.2.1"
  resolved "https://registry.yarnpkg.com/next-themes/-/next-themes-0.2.1.tgz#0c9f128e847979daf6c67f70b38e6b6567856e45"
  integrity sha512-B+AKNfYNIzh0vqQQKqQItTS8evEouKD7H5Hj3kmuPERwddR2TxvDSFZuTj6T7Jfn1oyeUyJMydPl1Bkxkh0W7A==

next@latest:
  version "12.3.1"
  resolved "https://registry.npmjs.org/next/-/next-12.3.1.tgz"
  integrity sha512-l7bvmSeIwX5lp07WtIiP9u2ytZMv7jIeB8iacR28PuUEFG5j0HGAPnMqyG5kbZNBG2H7tRsrQ4HCjuMOPnANZw==
  dependencies:
    "@next/env" "12.3.1"
    "@swc/helpers" "0.4.11"
    caniuse-lite "^1.0.30001406"
    postcss "8.4.14"
    styled-jsx "5.0.7"
    use-sync-external-store "1.2.0"
  optionalDependencies:
    "@next/swc-android-arm-eabi" "12.3.1"
    "@next/swc-android-arm64" "12.3.1"
    "@next/swc-darwin-arm64" "12.3.1"
    "@next/swc-darwin-x64" "12.3.1"
    "@next/swc-freebsd-x64" "12.3.1"
    "@next/swc-linux-arm-gnueabihf" "12.3.1"
    "@next/swc-linux-arm64-gnu" "12.3.1"
    "@next/swc-linux-arm64-musl" "12.3.1"
    "@next/swc-linux-x64-gnu" "12.3.1"
    "@next/swc-linux-x64-musl" "12.3.1"
    "@next/swc-win32-arm64-msvc" "12.3.1"
    "@next/swc-win32-ia32-msvc" "12.3.1"
    "@next/swc-win32-x64-msvc" "12.3.1"

picocolors@^1.0.0:
  version "1.0.0"
  resolved "https://registry.npmjs.org/picocolors/-/picocolors-1.0.0.tgz"
  integrity sha512-1fygroTLlHu66zi26VoTDv8yRgm0Fccecssto+MhsZ0D/DGW2sm8E8AjW7NU5VVTRt5GxbeZ5qBuJr+HyLYkjQ==

postcss@8.4.14:
  version "8.4.14"
  resolved "https://registry.npmjs.org/postcss/-/postcss-8.4.14.tgz"
  integrity sha512-E398TUmfAYFPBSdzgeieK2Y1+1cpdxJx8yXbK/m57nRhKSmk1GB2tO4lbLBtlkfPQTDKfe4Xqv1ASWPpayPEig==
  dependencies:
    nanoid "^3.3.4"
    picocolors "^1.0.0"
    source-map-js "^1.0.2"

react-dom@18.2.0:
  version "18.2.0"
  resolved "https://registry.npmjs.org/react-dom/-/react-dom-18.2.0.tgz"
  integrity sha512-6IMTriUmvsjHUjNtEDudZfuDQUoWXVxKHhlEGSk81n4YFS+r/Kl99wXiwlVXtPBtJenozv2P+hxDsw9eA7Xo6g==
  dependencies:
    loose-envify "^1.1.0"
    scheduler "^0.23.0"

react-remove-scroll-bar@^2.3.3:
  version "2.3.3"
  resolved "https://registry.npmjs.org/react-remove-scroll-bar/-/react-remove-scroll-bar-2.3.3.tgz"
  integrity sha512-i9GMNWwpz8XpUpQ6QlevUtFjHGqnPG4Hxs+wlIJntu/xcsZVEpJcIV71K3ZkqNy2q3GfgvkD7y6t/Sv8ofYSbw==
  dependencies:
    react-style-singleton "^2.2.1"
    tslib "^2.0.0"

react-remove-scroll@2.5.4:
  version "2.5.4"
  resolved "https://registry.npmjs.org/react-remove-scroll/-/react-remove-scroll-2.5.4.tgz"
  integrity sha512-xGVKJJr0SJGQVirVFAUZ2k1QLyO6m+2fy0l8Qawbp5Jgrv3DeLalrfMNBFSlmz5kriGGzsVBtGVnf4pTKIhhWA==
  dependencies:
    react-remove-scroll-bar "^2.3.3"
    react-style-singleton "^2.2.1"
    tslib "^2.1.0"
    use-callback-ref "^1.3.0"
    use-sidecar "^1.1.2"

react-style-singleton@^2.2.1:
  version "2.2.1"
  resolved "https://registry.npmjs.org/react-style-singleton/-/react-style-singleton-2.2.1.tgz"
  integrity sha512-ZWj0fHEMyWkHzKYUr2Bs/4zU6XLmq9HsgBURm7g5pAVfyn49DgUiNgY2d4lXRlYSiCif9YBGpQleewkcqddc7g==
  dependencies:
    get-nonce "^1.0.0"
    invariant "^2.2.4"
    tslib "^2.0.0"

react@18.2.0:
  version "18.2.0"
  resolved "https://registry.npmjs.org/react/-/react-18.2.0.tgz"
  integrity sha512-/3IjMdb2L9QbBdWiW5e3P2/npwMBaU9mHCSCUzNln0ZCYbcfTsGbTJrU/kGemdH2IWmB2ioZ+zkxtmq6g09fGQ==
  dependencies:
    loose-envify "^1.1.0"

regenerator-runtime@^0.13.4:
  version "0.13.9"
  resolved "https://registry.npmjs.org/regenerator-runtime/-/regenerator-runtime-0.13.9.tgz"
  integrity sha512-p3VT+cOEgxFsRRA9X4lkI1E+k2/CtnKtU4gcxyaCUreilL/vqI6CdZ3wxVUx3UOUg+gnUOQQcRI7BmSI656MYA==

scheduler@^0.23.0:
  version "0.23.0"
  resolved "https://registry.npmjs.org/scheduler/-/scheduler-0.23.0.tgz"
  integrity sha512-CtuThmgHNg7zIZWAXi3AsyIzA3n4xx7aNyjwC2VJldO2LMVDhFK+63xGqq6CsJH4rTAt6/M+N4GhZiDYPx9eUw==
  dependencies:
    loose-envify "^1.1.0"

source-map-js@^1.0.2:
  version "1.0.2"
  resolved "https://registry.npmjs.org/source-map-js/-/source-map-js-1.0.2.tgz"
  integrity sha512-R0XvVJ9WusLiqTCEiGCmICCMplcCkIwwR11mOSD9CR5u+IXYdiseeEuXCVAjS54zqwkLcPNnmU4OeJ6tUrWhDw==

styled-jsx@5.0.7:
  version "5.0.7"
  resolved "https://registry.npmjs.org/styled-jsx/-/styled-jsx-5.0.7.tgz"
  integrity sha512-b3sUzamS086YLRuvnaDigdAewz1/EFYlHpYBP5mZovKEdQQOIIYq8lApylub3HHZ6xFjV051kkGU7cudJmrXEA==

tslib@^2.0.0, tslib@^2.1.0, tslib@^2.4.0:
  version "2.4.0"
  resolved "https://registry.npmjs.org/tslib/-/tslib-2.4.0.tgz"
  integrity sha512-d6xOpEDfsi2CZVlPQzGeux8XMwLT9hssAsaPYExaQMuYskwb+x1x7J371tWlbBdWHroy99KnVB6qIkUbs5X3UQ==

typescript@^4.7.4:
  version "4.8.4"
  resolved "https://registry.npmjs.org/typescript/-/typescript-4.8.4.tgz"
  integrity sha512-QCh+85mCy+h0IGff8r5XWzOVSbBO+KfeYrMQh7NJ58QujwcE22u+NUSmUxqF+un70P9GXKxa2HCNiTTMJknyjQ==

use-callback-ref@^1.3.0:
  version "1.3.0"
  resolved "https://registry.npmjs.org/use-callback-ref/-/use-callback-ref-1.3.0.tgz"
  integrity sha512-3FT9PRuRdbB9HfXhEq35u4oZkvpJ5kuYbpqhCfmiZyReuRgpnhDlbr2ZEnnuS0RrJAPn6l23xjFg9kpDM+Ms7w==
  dependencies:
    tslib "^2.0.0"

use-isomorphic-layout-effect@^1.1.1:
  version "1.1.2"
  resolved "https://registry.npmjs.org/use-isomorphic-layout-effect/-/use-isomorphic-layout-effect-1.1.2.tgz"
  integrity sha512-49L8yCO3iGT/ZF9QttjwLF/ZD9Iwto5LnH5LmEdk/6cFmXddqi2ulF0edxTwjj+7mqvpVVGQWvbXZdn32wRSHA==

use-sidecar@^1.1.2:
  version "1.1.2"
  resolved "https://registry.npmjs.org/use-sidecar/-/use-sidecar-1.1.2.tgz"
  integrity sha512-epTbsLuzZ7lPClpz2TyryBfztm7m+28DlEv2ZCQ3MDr5ssiwyOwGH/e5F9CkfWjJ1t4clvI58yF822/GUkjjhw==
  dependencies:
    detect-node-es "^1.1.0"
    tslib "^2.0.0"

use-sync-external-store@1.2.0:
  version "1.2.0"
  resolved "https://registry.npmjs.org/use-sync-external-store/-/use-sync-external-store-1.2.0.tgz"
  integrity sha512-eEgnFxGQ1Ife9bzYs6VLi8/4X6CObHMw9Qr9tPY43iKwsPw8xE8+EFsf/2cFZ5S3esXgpWgtSCtLNS41F+sKPA==
